// !$*UTF8*$!
{
	archiveVersion = 1;
	classes = {
	};
	objectVersion = 48;
	objects = {

/* Begin PBXBuildFile section */
		5B0367311FDB4E0B00E84164 /* Photo.swift in Sources */ = {isa = PBXBuildFile; fileRef = 5B0367301FDB4E0A00E84164 /* Photo.swift */; };
		5B0367331FDB637900E84164 /* Record.swift in Sources */ = {isa = PBXBuildFile; fileRef = 5B0367321FDB637900E84164 /* Record.swift */; };
		5B0367361FDB9C0800E84164 /* NotificationManager.m in Sources */ = {isa = PBXBuildFile; fileRef = 5B0367341FDB9C0800E84164 /* NotificationManager.m */; };
		5B746A8B20BB3904003368CB /* DefaultsImporter.m in Sources */ = {isa = PBXBuildFile; fileRef = 5B746A8A20BB3904003368CB /* DefaultsImporter.m */; };
		5B7D57A0202E5F79007BCF52 /* Credits.rtf in Resources */ = {isa = PBXBuildFile; fileRef = 5B7D579F202E5F78007BCF52 /* Credits.rtf */; };
		5B9CE7031FD213E500CA8BFE /* AppDelegate.swift in Sources */ = {isa = PBXBuildFile; fileRef = 5B9CE7021FD213E500CA8BFE /* AppDelegate.swift */; };
		5B9CE7051FD213E500CA8BFE /* Assets.xcassets in Resources */ = {isa = PBXBuildFile; fileRef = 5B9CE7041FD213E500CA8BFE /* Assets.xcassets */; };
		5B9CE7151FD2186E00CA8BFE /* main.swift in Sources */ = {isa = PBXBuildFile; fileRef = 5B9CE7141FD2186E00CA8BFE /* main.swift */; };
		5B9CE71E1FD2242500CA8BFE /* GeneralPreferencesViewController.swift in Sources */ = {isa = PBXBuildFile; fileRef = 5B9CE71B1FD2242400CA8BFE /* GeneralPreferencesViewController.swift */; };
		5B9CE71F1FD2242500CA8BFE /* Mp4PreferencesViewController.swift in Sources */ = {isa = PBXBuildFile; fileRef = 5B9CE71C1FD2242500CA8BFE /* Mp4PreferencesViewController.swift */; };
		5B9CE7201FD2242500CA8BFE /* PhotoPreferencesViewController.swift in Sources */ = {isa = PBXBuildFile; fileRef = 5B9CE71D1FD2242500CA8BFE /* PhotoPreferencesViewController.swift */; };
		5B9CE72E1FD225C000CA8BFE /* LaunchAtLogin.framework.dSYM in Copy Carthage Symbols */ = {isa = PBXBuildFile; fileRef = 5B9CE7251FD2255B00CA8BFE /* LaunchAtLogin.framework.dSYM */; };
		5B9CE7301FD2272100CA8BFE /* LaunchAtLogin.framework in Frameworks */ = {isa = PBXBuildFile; fileRef = 5B9CE7221FD2255B00CA8BFE /* LaunchAtLogin.framework */; };
		5B9CE7311FD2272100CA8BFE /* LaunchAtLogin.framework in Embed Frameworks */ = {isa = PBXBuildFile; fileRef = 5B9CE7221FD2255B00CA8BFE /* LaunchAtLogin.framework */; settings = {ATTRIBUTES = (CodeSignOnCopy, RemoveHeadersOnCopy, ); }; };
/* End PBXBuildFile section */

/* Begin PBXCopyFilesBuildPhase section */
		5B9CE72C1FD2259F00CA8BFE /* Copy Carthage Symbols */ = {
			isa = PBXCopyFilesBuildPhase;
			buildActionMask = 2147483647;
			dstPath = "";
			dstSubfolderSpec = 16;
			files = (
				5B9CE72E1FD225C000CA8BFE /* LaunchAtLogin.framework.dSYM in Copy Carthage Symbols */,
			);
			name = "Copy Carthage Symbols";
			runOnlyForDeploymentPostprocessing = 0;
		};
		5B9CE7321FD2272100CA8BFE /* Embed Frameworks */ = {
			isa = PBXCopyFilesBuildPhase;
			buildActionMask = 2147483647;
			dstPath = "";
			dstSubfolderSpec = 10;
			files = (
				5B9CE7311FD2272100CA8BFE /* LaunchAtLogin.framework in Embed Frameworks */,
			);
			name = "Embed Frameworks";
			runOnlyForDeploymentPostprocessing = 0;
		};
/* End PBXCopyFilesBuildPhase section */

/* Begin PBXFileReference section */
		5B0367301FDB4E0A00E84164 /* Photo.swift */ = {isa = PBXFileReference; fileEncoding = 4; lastKnownFileType = sourcecode.swift; path = Photo.swift; sourceTree = "<group>"; };
		5B0367321FDB637900E84164 /* Record.swift */ = {isa = PBXFileReference; lastKnownFileType = sourcecode.swift; path = Record.swift; sourceTree = "<group>"; };
		5B0367341FDB9C0800E84164 /* NotificationManager.m */ = {isa = PBXFileReference; fileEncoding = 4; lastKnownFileType = sourcecode.c.objc; path = NotificationManager.m; sourceTree = "<group>"; };
		5B0367351FDB9C0800E84164 /* NotificationManager.h */ = {isa = PBXFileReference; fileEncoding = 4; lastKnownFileType = sourcecode.c.h; path = NotificationManager.h; sourceTree = "<group>"; };
		5B0367371FDB9C8900E84164 /* memoryio-Bridging-Header.h */ = {isa = PBXFileReference; lastKnownFileType = sourcecode.c.h; path = "memoryio-Bridging-Header.h"; sourceTree = "<group>"; };
		5B746A8A20BB3904003368CB /* DefaultsImporter.m */ = {isa = PBXFileReference; lastKnownFileType = sourcecode.c.objc; path = DefaultsImporter.m; sourceTree = "<group>"; };
		5B746A8C20BB3915003368CB /* DefaultsImporter.h */ = {isa = PBXFileReference; lastKnownFileType = sourcecode.c.h; path = DefaultsImporter.h; sourceTree = "<group>"; };
		5B7D579F202E5F78007BCF52 /* Credits.rtf */ = {isa = PBXFileReference; fileEncoding = 4; lastKnownFileType = text.rtf; path = Credits.rtf; sourceTree = "<group>"; };
		5B9CE6FF1FD213E500CA8BFE /* memoryio.app */ = {isa = PBXFileReference; explicitFileType = wrapper.application; includeInIndex = 0; path = memoryio.app; sourceTree = BUILT_PRODUCTS_DIR; };
		5B9CE7021FD213E500CA8BFE /* AppDelegate.swift */ = {isa = PBXFileReference; lastKnownFileType = sourcecode.swift; path = AppDelegate.swift; sourceTree = "<group>"; };
		5B9CE7041FD213E500CA8BFE /* Assets.xcassets */ = {isa = PBXFileReference; lastKnownFileType = folder.assetcatalog; path = Assets.xcassets; sourceTree = "<group>"; };
		5B9CE7091FD213E500CA8BFE /* Info.plist */ = {isa = PBXFileReference; lastKnownFileType = text.plist.xml; path = Info.plist; sourceTree = "<group>"; };
		5B9CE70A1FD213E500CA8BFE /* memoryio.entitlements */ = {isa = PBXFileReference; lastKnownFileType = text.plist.entitlements; path = memoryio.entitlements; sourceTree = "<group>"; };
		5B9CE7141FD2186E00CA8BFE /* main.swift */ = {isa = PBXFileReference; fileEncoding = 4; lastKnownFileType = sourcecode.swift; path = main.swift; sourceTree = "<group>"; };
		5B9CE71B1FD2242400CA8BFE /* GeneralPreferencesViewController.swift */ = {isa = PBXFileReference; fileEncoding = 4; lastKnownFileType = sourcecode.swift; path = GeneralPreferencesViewController.swift; sourceTree = "<group>"; };
		5B9CE71C1FD2242500CA8BFE /* Mp4PreferencesViewController.swift */ = {isa = PBXFileReference; fileEncoding = 4; lastKnownFileType = sourcecode.swift; path = Mp4PreferencesViewController.swift; sourceTree = "<group>"; };
		5B9CE71D1FD2242500CA8BFE /* PhotoPreferencesViewController.swift */ = {isa = PBXFileReference; fileEncoding = 4; lastKnownFileType = sourcecode.swift; path = PhotoPreferencesViewController.swift; sourceTree = "<group>"; };
		5B9CE7221FD2255B00CA8BFE /* LaunchAtLogin.framework */ = {isa = PBXFileReference; lastKnownFileType = wrapper.framework; name = LaunchAtLogin.framework; path = Carthage/Build/Mac/LaunchAtLogin.framework; sourceTree = SOURCE_ROOT; };
		5B9CE7251FD2255B00CA8BFE /* LaunchAtLogin.framework.dSYM */ = {isa = PBXFileReference; lastKnownFileType = wrapper.dsym; name = LaunchAtLogin.framework.dSYM; path = Carthage/Build/Mac/LaunchAtLogin.framework.dSYM; sourceTree = SOURCE_ROOT; };
/* End PBXFileReference section */

/* Begin PBXFrameworksBuildPhase section */
		5B9CE6FC1FD213E500CA8BFE /* Frameworks */ = {
			isa = PBXFrameworksBuildPhase;
			buildActionMask = 2147483647;
			files = (
				5B9CE7301FD2272100CA8BFE /* LaunchAtLogin.framework in Frameworks */,
			);
			runOnlyForDeploymentPostprocessing = 0;
		};
/* End PBXFrameworksBuildPhase section */

/* Begin PBXGroup section */
		5B9CE6F61FD213E500CA8BFE = {
			isa = PBXGroup;
			children = (
				5B9CE7011FD213E500CA8BFE /* memoryio */,
				5B9CE7001FD213E500CA8BFE /* Products */,
			);
			sourceTree = "<group>";
		};
		5B9CE7001FD213E500CA8BFE /* Products */ = {
			isa = PBXGroup;
			children = (
				5B9CE6FF1FD213E500CA8BFE /* memoryio.app */,
			);
			name = Products;
			sourceTree = "<group>";
		};
		5B9CE7011FD213E500CA8BFE /* memoryio */ = {
			isa = PBXGroup;
			children = (
				5B9CE7211FD2254900CA8BFE /* Frameworks */,
				5B9CE71B1FD2242400CA8BFE /* GeneralPreferencesViewController.swift */,
				5B9CE71C1FD2242500CA8BFE /* Mp4PreferencesViewController.swift */,
				5B9CE71D1FD2242500CA8BFE /* PhotoPreferencesViewController.swift */,
				5B746A8A20BB3904003368CB /* DefaultsImporter.m */,
				5B746A8C20BB3915003368CB /* DefaultsImporter.h */,
				5B9CE7141FD2186E00CA8BFE /* main.swift */,
				5B9CE7021FD213E500CA8BFE /* AppDelegate.swift */,
				5B0367321FDB637900E84164 /* Record.swift */,
				5B0367301FDB4E0A00E84164 /* Photo.swift */,
				5B0367351FDB9C0800E84164 /* NotificationManager.h */,
				5B0367341FDB9C0800E84164 /* NotificationManager.m */,
				5B0367371FDB9C8900E84164 /* memoryio-Bridging-Header.h */,
				5B9CE7041FD213E500CA8BFE /* Assets.xcassets */,
				5B9CE7091FD213E500CA8BFE /* Info.plist */,
				5B9CE70A1FD213E500CA8BFE /* memoryio.entitlements */,
				5B7D579F202E5F78007BCF52 /* Credits.rtf */,
			);
			path = memoryio;
			sourceTree = "<group>";
		};
		5B9CE7211FD2254900CA8BFE /* Frameworks */ = {
			isa = PBXGroup;
			children = (
				5B9CE7221FD2255B00CA8BFE /* LaunchAtLogin.framework */,
				5B9CE7251FD2255B00CA8BFE /* LaunchAtLogin.framework.dSYM */,
			);
			name = Frameworks;
			sourceTree = "<group>";
		};
/* End PBXGroup section */

/* Begin PBXNativeTarget section */
		5B9CE6FE1FD213E500CA8BFE /* memoryio */ = {
			isa = PBXNativeTarget;
			buildConfigurationList = 5B9CE70D1FD213E500CA8BFE /* Build configuration list for PBXNativeTarget "memoryio" */;
			buildPhases = (
				5B9CE6FB1FD213E500CA8BFE /* Sources */,
				5B9CE6FC1FD213E500CA8BFE /* Frameworks */,
				5B9CE72F1FD225CD00CA8BFE /* Carthage Update Check */,
				5B9CE6FD1FD213E500CA8BFE /* Resources */,
				5B9CE72C1FD2259F00CA8BFE /* Copy Carthage Symbols */,
				5B9CE7321FD2272100CA8BFE /* Embed Frameworks */,
				5B9CE72B1FD2258700CA8BFE /* Launch At Login script */,
			);
			buildRules = (
			);
			dependencies = (
			);
			name = memoryio;
			productName = memoryio;
			productReference = 5B9CE6FF1FD213E500CA8BFE /* memoryio.app */;
			productType = "com.apple.product-type.application";
		};
/* End PBXNativeTarget section */

/* Begin PBXProject section */
		5B9CE6F71FD213E500CA8BFE /* Project object */ = {
			isa = PBXProject;
			attributes = {
				LastSwiftUpdateCheck = 0910;
				LastUpgradeCheck = 0940;
				ORGANIZATIONNAME = augmentous;
				TargetAttributes = {
					5B9CE6FE1FD213E500CA8BFE = {
						CreatedOnToolsVersion = 9.1;
						ProvisioningStyle = Manual;
					};
				};
			};
			buildConfigurationList = 5B9CE6FA1FD213E500CA8BFE /* Build configuration list for PBXProject "memoryio" */;
			compatibilityVersion = "Xcode 8.0";
			developmentRegion = en;
			hasScannedForEncodings = 0;
			knownRegions = (
				en,
				Base,
			);
			mainGroup = 5B9CE6F61FD213E500CA8BFE;
			productRefGroup = 5B9CE7001FD213E500CA8BFE /* Products */;
			projectDirPath = "";
			projectRoot = "";
			targets = (
				5B9CE6FE1FD213E500CA8BFE /* memoryio */,
			);
		};
/* End PBXProject section */

/* Begin PBXResourcesBuildPhase section */
		5B9CE6FD1FD213E500CA8BFE /* Resources */ = {
			isa = PBXResourcesBuildPhase;
			buildActionMask = 2147483647;
			files = (
				5B9CE7051FD213E500CA8BFE /* Assets.xcassets in Resources */,
				5B7D57A0202E5F79007BCF52 /* Credits.rtf in Resources */,
			);
			runOnlyForDeploymentPostprocessing = 0;
		};
/* End PBXResourcesBuildPhase section */

/* Begin PBXShellScriptBuildPhase section */
		5B9CE72B1FD2258700CA8BFE /* Launch At Login script */ = {
			isa = PBXShellScriptBuildPhase;
			buildActionMask = 2147483647;
			files = (
			);
			inputPaths = (
			);
			name = "Launch At Login script";
			outputPaths = (
			);
			runOnlyForDeploymentPostprocessing = 0;
			shellPath = /bin/sh;
			shellScript = "./Carthage/Build/Mac/LaunchAtLogin.framework/Resources/copy-helper.sh\n";
		};
		5B9CE72F1FD225CD00CA8BFE /* Carthage Update Check */ = {
			isa = PBXShellScriptBuildPhase;
			buildActionMask = 2147483647;
			files = (
			);
			inputPaths = (
			);
			name = "Carthage Update Check";
			outputPaths = (
			);
			runOnlyForDeploymentPostprocessing = 0;
			shellPath = /bin/sh;
			shellScript = "/usr/local/bin/carthage outdated --xcode-warnings";
		};
/* End PBXShellScriptBuildPhase section */

/* Begin PBXSourcesBuildPhase section */
		5B9CE6FB1FD213E500CA8BFE /* Sources */ = {
			isa = PBXSourcesBuildPhase;
			buildActionMask = 2147483647;
			files = (
				5B0367311FDB4E0B00E84164 /* Photo.swift in Sources */,
				5B9CE71F1FD2242500CA8BFE /* Mp4PreferencesViewController.swift in Sources */,
				5B0367361FDB9C0800E84164 /* NotificationManager.m in Sources */,
				5B9CE7151FD2186E00CA8BFE /* main.swift in Sources */,
				5B9CE71E1FD2242500CA8BFE /* GeneralPreferencesViewController.swift in Sources */,
				5B0367331FDB637900E84164 /* Record.swift in Sources */,
				5B9CE7031FD213E500CA8BFE /* AppDelegate.swift in Sources */,
				5B9CE7201FD2242500CA8BFE /* PhotoPreferencesViewController.swift in Sources */,
				5B746A8B20BB3904003368CB /* DefaultsImporter.m in Sources */,
			);
			runOnlyForDeploymentPostprocessing = 0;
		};
/* End PBXSourcesBuildPhase section */

/* Begin XCBuildConfiguration section */
		5B9CE70B1FD213E500CA8BFE /* Debug */ = {
			isa = XCBuildConfiguration;
			buildSettings = {
				ALWAYS_SEARCH_USER_PATHS = NO;
				CLANG_ANALYZER_NONNULL = YES;
				CLANG_ANALYZER_NUMBER_OBJECT_CONVERSION = YES_AGGRESSIVE;
				CLANG_CXX_LANGUAGE_STANDARD = "gnu++14";
				CLANG_CXX_LIBRARY = "libc++";
				CLANG_ENABLE_MODULES = YES;
				CLANG_ENABLE_OBJC_ARC = YES;
				CLANG_WARN_BLOCK_CAPTURE_AUTORELEASING = YES;
				CLANG_WARN_BOOL_CONVERSION = YES;
				CLANG_WARN_COMMA = YES;
				CLANG_WARN_CONSTANT_CONVERSION = YES;
				CLANG_WARN_DEPRECATED_OBJC_IMPLEMENTATIONS = YES;
				CLANG_WARN_DIRECT_OBJC_ISA_USAGE = YES_ERROR;
				CLANG_WARN_DOCUMENTATION_COMMENTS = YES;
				CLANG_WARN_EMPTY_BODY = YES;
				CLANG_WARN_ENUM_CONVERSION = YES;
				CLANG_WARN_INFINITE_RECURSION = YES;
				CLANG_WARN_INT_CONVERSION = YES;
				CLANG_WARN_NON_LITERAL_NULL_CONVERSION = YES;
				CLANG_WARN_OBJC_IMPLICIT_RETAIN_SELF = YES;
				CLANG_WARN_OBJC_LITERAL_CONVERSION = YES;
				CLANG_WARN_OBJC_ROOT_CLASS = YES_ERROR;
				CLANG_WARN_RANGE_LOOP_ANALYSIS = YES;
				CLANG_WARN_STRICT_PROTOTYPES = YES;
				CLANG_WARN_SUSPICIOUS_MOVE = YES;
				CLANG_WARN_UNGUARDED_AVAILABILITY = YES_AGGRESSIVE;
				CLANG_WARN_UNREACHABLE_CODE = YES;
				CLANG_WARN__DUPLICATE_METHOD_MATCH = YES;
				CODE_SIGN_IDENTITY = "-";
				COPY_PHASE_STRIP = NO;
				DEBUG_INFORMATION_FORMAT = dwarf;
				ENABLE_STRICT_OBJC_MSGSEND = YES;
				ENABLE_TESTABILITY = YES;
				GCC_C_LANGUAGE_STANDARD = gnu11;
				GCC_DYNAMIC_NO_PIC = NO;
				GCC_NO_COMMON_BLOCKS = YES;
				GCC_OPTIMIZATION_LEVEL = 0;
				GCC_PREPROCESSOR_DEFINITIONS = (
					"DEBUG=1",
					"$(inherited)",
				);
				GCC_WARN_64_TO_32_BIT_CONVERSION = YES;
				GCC_WARN_ABOUT_RETURN_TYPE = YES_ERROR;
				GCC_WARN_UNDECLARED_SELECTOR = YES;
				GCC_WARN_UNINITIALIZED_AUTOS = YES_AGGRESSIVE;
				GCC_WARN_UNUSED_FUNCTION = YES;
				GCC_WARN_UNUSED_VARIABLE = YES;
				MACOSX_DEPLOYMENT_TARGET = 10.13;
				MTL_ENABLE_DEBUG_INFO = YES;
				ONLY_ACTIVE_ARCH = YES;
				SDKROOT = macosx;
				SWIFT_ACTIVE_COMPILATION_CONDITIONS = DEBUG;
				SWIFT_OPTIMIZATION_LEVEL = "-Onone";
			};
			name = Debug;
		};
		5B9CE70C1FD213E500CA8BFE /* Release */ = {
			isa = XCBuildConfiguration;
			buildSettings = {
				ALWAYS_SEARCH_USER_PATHS = NO;
				CLANG_ANALYZER_NONNULL = YES;
				CLANG_ANALYZER_NUMBER_OBJECT_CONVERSION = YES_AGGRESSIVE;
				CLANG_CXX_LANGUAGE_STANDARD = "gnu++14";
				CLANG_CXX_LIBRARY = "libc++";
				CLANG_ENABLE_MODULES = YES;
				CLANG_ENABLE_OBJC_ARC = YES;
				CLANG_WARN_BLOCK_CAPTURE_AUTORELEASING = YES;
				CLANG_WARN_BOOL_CONVERSION = YES;
				CLANG_WARN_COMMA = YES;
				CLANG_WARN_CONSTANT_CONVERSION = YES;
				CLANG_WARN_DEPRECATED_OBJC_IMPLEMENTATIONS = YES;
				CLANG_WARN_DIRECT_OBJC_ISA_USAGE = YES_ERROR;
				CLANG_WARN_DOCUMENTATION_COMMENTS = YES;
				CLANG_WARN_EMPTY_BODY = YES;
				CLANG_WARN_ENUM_CONVERSION = YES;
				CLANG_WARN_INFINITE_RECURSION = YES;
				CLANG_WARN_INT_CONVERSION = YES;
				CLANG_WARN_NON_LITERAL_NULL_CONVERSION = YES;
				CLANG_WARN_OBJC_IMPLICIT_RETAIN_SELF = YES;
				CLANG_WARN_OBJC_LITERAL_CONVERSION = YES;
				CLANG_WARN_OBJC_ROOT_CLASS = YES_ERROR;
				CLANG_WARN_RANGE_LOOP_ANALYSIS = YES;
				CLANG_WARN_STRICT_PROTOTYPES = YES;
				CLANG_WARN_SUSPICIOUS_MOVE = YES;
				CLANG_WARN_UNGUARDED_AVAILABILITY = YES_AGGRESSIVE;
				CLANG_WARN_UNREACHABLE_CODE = YES;
				CLANG_WARN__DUPLICATE_METHOD_MATCH = YES;
				CODE_SIGN_IDENTITY = "-";
				COPY_PHASE_STRIP = NO;
				DEBUG_INFORMATION_FORMAT = "dwarf-with-dsym";
				ENABLE_NS_ASSERTIONS = NO;
				ENABLE_STRICT_OBJC_MSGSEND = YES;
				GCC_C_LANGUAGE_STANDARD = gnu11;
				GCC_NO_COMMON_BLOCKS = YES;
				GCC_WARN_64_TO_32_BIT_CONVERSION = YES;
				GCC_WARN_ABOUT_RETURN_TYPE = YES_ERROR;
				GCC_WARN_UNDECLARED_SELECTOR = YES;
				GCC_WARN_UNINITIALIZED_AUTOS = YES_AGGRESSIVE;
				GCC_WARN_UNUSED_FUNCTION = YES;
				GCC_WARN_UNUSED_VARIABLE = YES;
				MACOSX_DEPLOYMENT_TARGET = 10.13;
				MTL_ENABLE_DEBUG_INFO = NO;
				SDKROOT = macosx;
				SWIFT_OPTIMIZATION_LEVEL = "-Owholemodule";
			};
			name = Release;
		};
		5B9CE70E1FD213E500CA8BFE /* Debug */ = {
			isa = XCBuildConfiguration;
			buildSettings = {
				ASSETCATALOG_COMPILER_APPICON_NAME = AppIcon;
				CODE_SIGN_ENTITLEMENTS = memoryio/memoryio.entitlements;
				CODE_SIGN_IDENTITY = "Mac Developer";
				CODE_SIGN_STYLE = Manual;
				COMBINE_HIDPI_IMAGES = YES;
				DEVELOPMENT_TEAM = "";
				FRAMEWORK_SEARCH_PATHS = (
					"$(inherited)",
					"$(PROJECT_DIR)/Carthage/Build/Mac",
				);
				INFOPLIST_FILE = memoryio/Info.plist;
				LD_RUNPATH_SEARCH_PATHS = "$(inherited) @executable_path/../Frameworks";
				MACOSX_DEPLOYMENT_TARGET = 10.13;
				PRODUCT_BUNDLE_IDENTIFIER = com.augmentous.memoryio;
				PRODUCT_NAME = "$(TARGET_NAME)";
				PROVISIONING_PROFILE_SPECIFIER = "";
				SWIFT_OBJC_BRIDGING_HEADER = "memoryio/memoryio-Bridging-Header.h";
				SWIFT_VERSION = 4.0;
			};
			name = Debug;
		};
		5B9CE70F1FD213E500CA8BFE /* Release */ = {
			isa = XCBuildConfiguration;
			buildSettings = {
				ASSETCATALOG_COMPILER_APPICON_NAME = AppIcon;
				CODE_SIGN_ENTITLEMENTS = memoryio/memoryio.entitlements;
				CODE_SIGN_IDENTITY = "Mac Developer";
				CODE_SIGN_STYLE = Manual;
				COMBINE_HIDPI_IMAGES = YES;
				DEVELOPMENT_TEAM = "";
				FRAMEWORK_SEARCH_PATHS = (
					"$(inherited)",
					"$(PROJECT_DIR)/Carthage/Build/Mac",
				);
				INFOPLIST_FILE = memoryio/Info.plist;
				LD_RUNPATH_SEARCH_PATHS = "$(inherited) @executable_path/../Frameworks";
				MACOSX_DEPLOYMENT_TARGET = 10.13;
				PRODUCT_BUNDLE_IDENTIFIER = com.augmentous.memoryio;
				PRODUCT_NAME = "$(TARGET_NAME)";
				PROVISIONING_PROFILE_SPECIFIER = "";
				SWIFT_OBJC_BRIDGING_HEADER = "memoryio/memoryio-Bridging-Header.h";
				SWIFT_VERSION = 4.0;
			};
			name = Release;
		};
/* End XCBuildConfiguration section */

/* Begin XCConfigurationList section */
		5B9CE6FA1FD213E500CA8BFE /* Build configuration list for PBXProject "memoryio" */ = {
			isa = XCConfigurationList;
			buildConfigurations = (
				5B9CE70B1FD213E500CA8BFE /* Debug */,
				5B9CE70C1FD213E500CA8BFE /* Release */,
			);
			defaultConfigurationIsVisible = 0;
			defaultConfigurationName = Release;
		};
		5B9CE70D1FD213E500CA8BFE /* Build configuration list for PBXNativeTarget "memoryio" */ = {
			isa = XCConfigurationList;
			buildConfigurations = (
				5B9CE70E1FD213E500CA8BFE /* Debug */,
				5B9CE70F1FD213E500CA8BFE /* Release */,
			);
			defaultConfigurationIsVisible = 0;
			defaultConfigurationName = Release;
		};
/* End XCConfigurationList section */
	};
	rootObject = 5B9CE6F71FD213E500CA8BFE /* Project object */;
}
